
Microsoft Visual Studio Solution File, Format Version 12.00
# Visual Studio Version 16
VisualStudioVersion = 16.0.31624.102
MinimumVisualStudioVersion = 10.0.40219.1
Project("{FAE04EC0-301F-11D3-BF4B-00C04F79EFBC}") = "KafkaConsumers", "KafkaConsumers.csproj", "{9F997E96-6D30-44A7-A7FD-446073E8B601}"
EndProject
Global
	GlobalSection(SolutionConfigurationPlatforms) = preSolution
		Debug|Any CPU = Debug|Any CPU
		Release|Any CPU = Release|Any CPU
	EndGlobalSection
	GlobalSection(ProjectConfigurationPlatforms) = postSolution
		{9F997E96-6D30-44A7-A7FD-446073E8B601}.Debug|Any CPU.ActiveCfg = Debug|Any CPU
		{9F997E96-6D30-44A7-A7FD-446073E8B601}.Debug|Any CPU.Build.0 = Debug|Any CPU
		{9F997E96-6D30-44A7-A7FD-446073E8B601}.Release|Any CPU.ActiveCfg = Release|Any CPU
		{9F997E96-6D30-44A7-A7FD-446073E8B601}.Release|Any CPU.Build.0 = Release|Any CPU
	EndGlobalSection
	GlobalSection(SolutionProperties) = preSolution
		HideSolutionNode = FALSE
	EndGlobalSection
	GlobalSection(ExtensibilityGlobals) = postSolution
		SolutionGuid = {0A45DB7B-DAA7-4391-86DD-BA739002C01A}
	EndGlobalSection
EndGlobal
